{
  "version": 4,
  "terraform_version": "1.14.1",
  "serial": 49,
  "lineage": "2a0ef7a1-4930-87e1-9730-04131566f59f",
  "outputs": {},
  "resources": [
    {
      "mode": "data",
      "type": "aws_ami",
      "name": "myami",
      "provider": "provider[\"registry.terraform.io/hashicorp/aws\"]",
      "instances": [
        {
          "schema_version": 0,
          "attributes": {
            "allow_unsafe_filter": null,
            "architecture": "x86_64",
            "arn": "arn:aws:ec2:us-east-1::image/ami-0156001f0548e90b1",
            "block_device_mappings": [
              {
                "device_name": "/dev/xvda",
                "ebs": {
                  "delete_on_termination": "true",
                  "encrypted": "false",
                  "iops": "0",
                  "snapshot_id": "snap-0ea2b465cc56e487c",
                  "throughput": "0",
                  "volume_initialization_rate": "0",
                  "volume_size": "8",
                  "volume_type": "gp2"
                },
                "no_device": "",
                "virtual_name": ""
              }
            ],
            "boot_mode": "",
            "creation_date": "2025-11-21T08:38:04.000Z",
            "deprecation_time": "2026-02-19T00:00:00.000Z",
            "description": "Amazon Linux 2 AMI 2.0.20251121.0 x86_64 HVM gp2",
            "ena_support": true,
            "executable_users": null,
            "filter": [
              {
                "name": "name",
                "values": [
                  "amzn2-ami-hvm*"
                ]
              }
            ],
            "hypervisor": "xen",
            "id": "ami-0156001f0548e90b1",
            "image_id": "ami-0156001f0548e90b1",
            "image_location": "amazon/amzn2-ami-hvm-2.0.20251121.0-x86_64-gp2",
            "image_owner_alias": "amazon",
            "image_type": "machine",
            "imds_support": "",
            "include_deprecated": false,
            "kernel_id": "",
            "last_launched_time": "",
            "most_recent": true,
            "name": "amzn2-ami-hvm-2.0.20251121.0-x86_64-gp2",
            "name_regex": null,
            "owner_id": "137112412989",
            "owners": [
              "amazon"
            ],
            "platform": "",
            "platform_details": "Linux/UNIX",
            "product_codes": [],
            "public": true,
            "ramdisk_id": "",
            "region": "us-east-1",
            "root_device_name": "/dev/xvda",
            "root_device_type": "ebs",
            "root_snapshot_id": "snap-0ea2b465cc56e487c",
            "sriov_net_support": "simple",
            "state": "available",
            "state_reason": {
              "code": "UNSET",
              "message": "UNSET"
            },
            "tags": {},
            "timeouts": null,
            "tpm_support": "",
            "uefi_data": null,
            "usage_operation": "RunInstances",
            "virtualization_type": "hvm"
          },
          "sensitive_attributes": [],
          "identity_schema_version": 0
        }
      ]
    },
    {
      "mode": "managed",
      "type": "aws_instance",
      "name": "myec2",
      "provider": "provider[\"registry.terraform.io/hashicorp/aws\"]",
      "instances": [
        {
          "schema_version": 2,
          "attributes": {
            "ami": "ami-0156001f0548e90b1",
            "arn": "arn:aws:ec2:us-east-1:862257768896:instance/i-08b3063016c950d97",
            "associate_public_ip_address": true,
            "availability_zone": "us-east-1d",
            "capacity_reservation_specification": [
              {
                "capacity_reservation_preference": "open",
                "capacity_reservation_target": []
              }
            ],
            "cpu_options": [
              {
                "amd_sev_snp": "",
                "core_count": 1,
                "threads_per_core": 1
              }
            ],
            "credit_specification": [
              {
                "cpu_credits": "standard"
              }
            ],
            "disable_api_stop": false,
            "disable_api_termination": false,
            "ebs_block_device": [],
            "ebs_optimized": false,
            "enable_primary_ipv6": null,
            "enclave_options": [
              {
                "enabled": false
              }
            ],
            "ephemeral_block_device": [],
            "force_destroy": false,
            "get_password_data": false,
            "hibernation": false,
            "host_id": "",
            "host_resource_group_arn": null,
            "iam_instance_profile": "",
            "id": "i-08b3063016c950d97",
            "instance_initiated_shutdown_behavior": "stop",
            "instance_lifecycle": "",
            "instance_market_options": [],
            "instance_state": "running",
            "instance_type": "t2.micro",
            "ipv6_address_count": 0,
            "ipv6_addresses": [],
            "key_name": "web-key",
            "launch_template": [],
            "maintenance_options": [
              {
                "auto_recovery": "default"
              }
            ],
            "metadata_options": [
              {
                "http_endpoint": "enabled",
                "http_protocol_ipv6": "disabled",
                "http_put_response_hop_limit": 1,
                "http_tokens": "optional",
                "instance_metadata_tags": "disabled"
              }
            ],
            "monitoring": false,
            "network_interface": [],
            "outpost_arn": "",
            "password_data": "",
            "placement_group": "",
            "placement_group_id": "",
            "placement_partition_number": 0,
            "primary_network_interface": [
              {
                "delete_on_termination": true,
                "network_interface_id": "eni-0bda35510d5fe135c"
              }
            ],
            "primary_network_interface_id": "eni-0bda35510d5fe135c",
            "private_dns": "ip-10-0-1-181.ec2.internal",
            "private_dns_name_options": [
              {
                "enable_resource_name_dns_a_record": false,
                "enable_resource_name_dns_aaaa_record": false,
                "hostname_type": "ip-name"
              }
            ],
            "private_ip": "10.0.1.181",
            "public_dns": "",
            "public_ip": "44.204.86.134",
            "region": "us-east-1",
            "root_block_device": [
              {
                "delete_on_termination": true,
                "device_name": "/dev/xvda",
                "encrypted": false,
                "iops": 100,
                "kms_key_id": "",
                "tags": {},
                "tags_all": {},
                "throughput": 0,
                "volume_id": "vol-09996b19340e7317b",
                "volume_size": 8,
                "volume_type": "gp2"
              }
            ],
            "secondary_private_ips": [],
            "security_groups": [],
            "source_dest_check": true,
            "spot_instance_request_id": "",
            "subnet_id": "subnet-00c365fca0540048f",
            "tags": {
              "Name": "terraform-instance"
            },
            "tags_all": {
              "Name": "terraform-instance"
            },
            "tenancy": "default",
            "timeouts": null,
            "user_data": "",
            "user_data_base64": null,
            "user_data_replace_on_change": false,
            "volume_tags": null,
            "vpc_security_group_ids": [
              "sg-0213451d4d898a467"
            ]
          },
          "sensitive_attributes": [],
          "identity_schema_version": 0,
          "identity": {
            "account_id": "862257768896",
            "id": "i-08b3063016c950d97",
            "region": "us-east-1"
          },
          "private": "eyJlMmJmYjczMC1lY2FhLTExZTYtOGY4OC0zNDM2M2JjN2M0YzAiOnsiY3JlYXRlIjo2MDAwMDAwMDAwMDAsImRlbGV0ZSI6MTIwMDAwMDAwMDAwMCwicmVhZCI6OTAwMDAwMDAwMDAwLCJ1cGRhdGUiOjYwMDAwMDAwMDAwMH0sInNjaGVtYV92ZXJzaW9uIjoiMiJ9",
          "dependencies": [
            "aws_key_pair.aws-key",
            "aws_security_group.sl-sg",
            "aws_subnet.sl-subnet",
            "aws_vpc.sl-vpc",
            "data.aws_ami.myami",
            "tls_private_key.mykey"
          ]
        }
      ]
    },
    {
      "mode": "managed",
      "type": "aws_internet_gateway",
      "name": "gw",
      "provider": "provider[\"registry.terraform.io/hashicorp/aws\"]",
      "instances": [
        {
          "schema_version": 0,
          "attributes": {
            "arn": "arn:aws:ec2:us-east-1:862257768896:internet-gateway/igw-011ae2650efc61f1f",
            "id": "igw-011ae2650efc61f1f",
            "owner_id": "862257768896",
            "region": "us-east-1",
            "tags": {
              "Name": "sl-gw"
            },
            "tags_all": {
              "Name": "sl-gw"
            },
            "timeouts": null,
            "vpc_id": "vpc-09f585581851c5503"
          },
          "sensitive_attributes": [],
          "identity_schema_version": 0,
          "private": "eyJlMmJmYjczMC1lY2FhLTExZTYtOGY4OC0zNDM2M2JjN2M0YzAiOnsiY3JlYXRlIjoxMjAwMDAwMDAwMDAwLCJkZWxldGUiOjEyMDAwMDAwMDAwMDAsInVwZGF0ZSI6MTIwMDAwMDAwMDAwMH19",
          "dependencies": [
            "aws_vpc.sl-vpc"
          ]
        }
      ]
    },
    {
      "mode": "managed",
      "type": "aws_key_pair",
      "name": "aws-key",
      "provider": "provider[\"registry.terraform.io/hashicorp/aws\"]",
      "instances": [
        {
          "schema_version": 1,
          "attributes": {
            "arn": "arn:aws:ec2:us-east-1:862257768896:key-pair/web-key",
            "fingerprint": "12:1a:3c:60:32:cf:9c:0b:bc:3a:01:2a:0f:5b:6c:9c",
            "id": "web-key",
            "key_name": "web-key",
            "key_name_prefix": "",
            "key_pair_id": "key-0e231e5c73460eec9",
            "key_type": "rsa",
            "public_key": "ssh-rsa AAAAB3NzaC1yc2EAAAADAQABAAABAQC/U1+Ygrfyby+aJ9uZQLcAc63IVsPkfdl0r3YyC1T0PU3MMHZzstkTEEMO5kYqrVjmYl+5AGd26rCMRE64GF64xqBXL4FJtFHcjP9yDq7Gr12Z5aKaiyhvQwmAmGnu8ts0S1ocQuzWyfmYG6megne45pLjYZSR+QIiWyGfJDLFdHlbVilVzl75UNCucAy+t10OpWbqqK40wbbxXkDKff3ST85Ja/0iDDAxVu/qGrRKLHcQSJqkYbMcPpTDFbyYOzA7yXGeyJg0P7cadT2oR6bxV9w4r3iwpwHgU5qzh/YQfmvH+KSIZjWOUdNq98qnSVhkaNnozD8J6iiSDgGgTU3r",
            "region": "us-east-1",
            "tags": {},
            "tags_all": {}
          },
          "sensitive_attributes": [],
          "identity_schema_version": 0,
          "private": "eyJzY2hlbWFfdmVyc2lvbiI6IjEifQ==",
          "dependencies": [
            "tls_private_key.mykey"
          ]
        }
      ]
    },
    {
      "mode": "managed",
      "type": "aws_route",
      "name": "sl-route",
      "provider": "provider[\"registry.terraform.io/hashicorp/aws\"]",
      "instances": [
        {
          "schema_version": 0,
          "attributes": {
            "carrier_gateway_id": "",
            "core_network_arn": "",
            "destination_cidr_block": "0.0.0.0/0",
            "destination_ipv6_cidr_block": "",
            "destination_prefix_list_id": "",
            "egress_only_gateway_id": "",
            "gateway_id": "igw-011ae2650efc61f1f",
            "id": "r-rtb-00194b3f393b531b41080289494",
            "instance_id": "",
            "instance_owner_id": "",
            "local_gateway_id": "",
            "nat_gateway_id": "",
            "network_interface_id": "",
            "origin": "CreateRoute",
            "region": "us-east-1",
            "route_table_id": "rtb-00194b3f393b531b4",
            "state": "active",
            "timeouts": null,
            "transit_gateway_id": "",
            "vpc_endpoint_id": "",
            "vpc_peering_connection_id": ""
          },
          "sensitive_attributes": [],
          "identity_schema_version": 0,
          "identity": {
            "account_id": "862257768896",
            "destination_cidr_block": "0.0.0.0/0",
            "destination_ipv6_cidr_block": null,
            "destination_prefix_list_id": null,
            "region": "us-east-1",
            "route_table_id": "rtb-00194b3f393b531b4"
          },
          "private": "eyJlMmJmYjczMC1lY2FhLTExZTYtOGY4OC0zNDM2M2JjN2M0YzAiOnsiY3JlYXRlIjozMDAwMDAwMDAwMDAsImRlbGV0ZSI6MzAwMDAwMDAwMDAwLCJ1cGRhdGUiOjEyMDAwMDAwMDAwMH19",
          "dependencies": [
            "aws_internet_gateway.gw",
            "aws_route_table.sl-route-table",
            "aws_vpc.sl-vpc"
          ]
        }
      ]
    },
    {
      "mode": "managed",
      "type": "aws_route_table",
      "name": "sl-route-table",
      "provider": "provider[\"registry.terraform.io/hashicorp/aws\"]",
      "instances": [
        {
          "schema_version": 0,
          "attributes": {
            "arn": "arn:aws:ec2:us-east-1:862257768896:route-table/rtb-00194b3f393b531b4",
            "id": "rtb-00194b3f393b531b4",
            "owner_id": "862257768896",
            "propagating_vgws": [],
            "region": "us-east-1",
            "route": [
              {
                "carrier_gateway_id": "",
                "cidr_block": "0.0.0.0/0",
                "core_network_arn": "",
                "destination_prefix_list_id": "",
                "egress_only_gateway_id": "",
                "gateway_id": "igw-011ae2650efc61f1f",
                "ipv6_cidr_block": "",
                "local_gateway_id": "",
                "nat_gateway_id": "",
                "network_interface_id": "",
                "transit_gateway_id": "",
                "vpc_endpoint_id": "",
                "vpc_peering_connection_id": ""
              }
            ],
            "tags": {
              "Name": "sl-route-table"
            },
            "tags_all": {
              "Name": "sl-route-table"
            },
            "timeouts": null,
            "vpc_id": "vpc-09f585581851c5503"
          },
          "sensitive_attributes": [],
          "identity_schema_version": 0,
          "identity": {
            "account_id": "862257768896",
            "id": "rtb-00194b3f393b531b4",
            "region": "us-east-1"
          },
          "private": "eyJlMmJmYjczMC1lY2FhLTExZTYtOGY4OC0zNDM2M2JjN2M0YzAiOnsiY3JlYXRlIjozMDAwMDAwMDAwMDAsImRlbGV0ZSI6MzAwMDAwMDAwMDAwLCJ1cGRhdGUiOjEyMDAwMDAwMDAwMH19",
          "dependencies": [
            "aws_vpc.sl-vpc"
          ]
        }
      ]
    },
    {
      "mode": "managed",
      "type": "aws_route_table_association",
      "name": "a",
      "provider": "provider[\"registry.terraform.io/hashicorp/aws\"]",
      "instances": [
        {
          "schema_version": 0,
          "attributes": {
            "gateway_id": "",
            "id": "rtbassoc-0426edc537154a1d2",
            "region": "us-east-1",
            "route_table_id": "rtb-00194b3f393b531b4",
            "subnet_id": "subnet-00c365fca0540048f",
            "timeouts": null
          },
          "sensitive_attributes": [],
          "identity_schema_version": 0,
          "private": "eyJlMmJmYjczMC1lY2FhLTExZTYtOGY4OC0zNDM2M2JjN2M0YzAiOnsiY3JlYXRlIjozMDAwMDAwMDAwMDAsImRlbGV0ZSI6MzAwMDAwMDAwMDAwLCJ1cGRhdGUiOjEyMDAwMDAwMDAwMH19",
          "dependencies": [
            "aws_route_table.sl-route-table",
            "aws_subnet.sl-subnet",
            "aws_vpc.sl-vpc"
          ]
        }
      ]
    },
    {
      "mode": "managed",
      "type": "aws_security_group",
      "name": "sl-sg",
      "provider": "provider[\"registry.terraform.io/hashicorp/aws\"]",
      "instances": [
        {
          "schema_version": 1,
          "attributes": {
            "arn": "arn:aws:ec2:us-east-1:862257768896:security-group/sg-0213451d4d898a467",
            "description": "Allow TLS inbound traffic and all outbound traffic",
            "egress": [
              {
                "cidr_blocks": [
                  "0.0.0.0/0"
                ],
                "description": "",
                "from_port": 0,
                "ipv6_cidr_blocks": [],
                "prefix_list_ids": [],
                "protocol": "-1",
                "security_groups": [],
                "self": false,
                "to_port": 0
              }
            ],
            "id": "sg-0213451d4d898a467",
            "ingress": [
              {
                "cidr_blocks": [
                  "0.0.0.0/0"
                ],
                "description": "",
                "from_port": 22,
                "ipv6_cidr_blocks": [],
                "prefix_list_ids": [],
                "protocol": "tcp",
                "security_groups": [],
                "self": false,
                "to_port": 22
              },
              {
                "cidr_blocks": [
                  "0.0.0.0/0"
                ],
                "description": "",
                "from_port": 443,
                "ipv6_cidr_blocks": [],
                "prefix_list_ids": [],
                "protocol": "tcp",
                "security_groups": [],
                "self": false,
                "to_port": 443
              },
              {
                "cidr_blocks": [
                  "0.0.0.0/0"
                ],
                "description": "",
                "from_port": 8080,
                "ipv6_cidr_blocks": [],
                "prefix_list_ids": [],
                "protocol": "tcp",
                "security_groups": [],
                "self": false,
                "to_port": 8080
              },
              {
                "cidr_blocks": [
                  "0.0.0.0/0"
                ],
                "description": "",
                "from_port": 80,
                "ipv6_cidr_blocks": [],
                "prefix_list_ids": [],
                "protocol": "tcp",
                "security_groups": [],
                "self": false,
                "to_port": 80
              }
            ],
            "name": "sl-sg",
            "name_prefix": "",
            "owner_id": "862257768896",
            "region": "us-east-1",
            "revoke_rules_on_delete": false,
            "tags": {},
            "tags_all": {},
            "timeouts": null,
            "vpc_id": "vpc-09f585581851c5503"
          },
          "sensitive_attributes": [],
          "identity_schema_version": 0,
          "identity": {
            "account_id": "862257768896",
            "id": "sg-0213451d4d898a467",
            "region": "us-east-1"
          },
          "private": "eyJlMmJmYjczMC1lY2FhLTExZTYtOGY4OC0zNDM2M2JjN2M0YzAiOnsiY3JlYXRlIjo2MDAwMDAwMDAwMDAsImRlbGV0ZSI6OTAwMDAwMDAwMDAwfSwic2NoZW1hX3ZlcnNpb24iOiIxIn0=",
          "dependencies": [
            "aws_vpc.sl-vpc"
          ]
        }
      ]
    },
    {
      "mode": "managed",
      "type": "aws_subnet",
      "name": "sl-subnet",
      "provider": "provider[\"registry.terraform.io/hashicorp/aws\"]",
      "instances": [
        {
          "schema_version": 1,
          "attributes": {
            "arn": "arn:aws:ec2:us-east-1:862257768896:subnet/subnet-00c365fca0540048f",
            "assign_ipv6_address_on_creation": false,
            "availability_zone": "us-east-1d",
            "availability_zone_id": "use1-az2",
            "cidr_block": "10.0.1.0/24",
            "customer_owned_ipv4_pool": "",
            "enable_dns64": false,
            "enable_lni_at_device_index": 0,
            "enable_resource_name_dns_a_record_on_launch": false,
            "enable_resource_name_dns_aaaa_record_on_launch": false,
            "id": "subnet-00c365fca0540048f",
            "ipv6_cidr_block": "",
            "ipv6_cidr_block_association_id": "",
            "ipv6_native": false,
            "map_customer_owned_ip_on_launch": false,
            "map_public_ip_on_launch": true,
            "outpost_arn": "",
            "owner_id": "862257768896",
            "private_dns_hostname_type_on_launch": "ip-name",
            "region": "us-east-1",
            "tags": {
              "Name": "sl-subnet"
            },
            "tags_all": {
              "Name": "sl-subnet"
            },
            "timeouts": null,
            "vpc_id": "vpc-09f585581851c5503"
          },
          "sensitive_attributes": [],
          "identity_schema_version": 0,
          "identity": {
            "account_id": "862257768896",
            "id": "subnet-00c365fca0540048f",
            "region": "us-east-1"
          },
          "private": "eyJlMmJmYjczMC1lY2FhLTExZTYtOGY4OC0zNDM2M2JjN2M0YzAiOnsiY3JlYXRlIjo2MDAwMDAwMDAwMDAsImRlbGV0ZSI6MTIwMDAwMDAwMDAwMH0sInNjaGVtYV92ZXJzaW9uIjoiMSJ9",
          "dependencies": [
            "aws_vpc.sl-vpc"
          ]
        }
      ]
    },
    {
      "mode": "managed",
      "type": "aws_vpc",
      "name": "sl-vpc",
      "provider": "provider[\"registry.terraform.io/hashicorp/aws\"]",
      "instances": [
        {
          "schema_version": 1,
          "attributes": {
            "arn": "arn:aws:ec2:us-east-1:862257768896:vpc/vpc-09f585581851c5503",
            "assign_generated_ipv6_cidr_block": false,
            "cidr_block": "10.0.0.0/16",
            "default_network_acl_id": "acl-0f34e6bf9ba37a75e",
            "default_route_table_id": "rtb-0e6ed719fe2c5a21f",
            "default_security_group_id": "sg-09d4c881d2b8eab0a",
            "dhcp_options_id": "dopt-3c3aa246",
            "enable_dns_hostnames": false,
            "enable_dns_support": true,
            "enable_network_address_usage_metrics": false,
            "id": "vpc-09f585581851c5503",
            "instance_tenancy": "default",
            "ipv4_ipam_pool_id": null,
            "ipv4_netmask_length": null,
            "ipv6_association_id": "",
            "ipv6_cidr_block": "",
            "ipv6_cidr_block_network_border_group": "",
            "ipv6_ipam_pool_id": "",
            "ipv6_netmask_length": 0,
            "main_route_table_id": "rtb-0e6ed719fe2c5a21f",
            "owner_id": "862257768896",
            "region": "us-east-1",
            "tags": {
              "Name": "sl-vpc"
            },
            "tags_all": {
              "Name": "sl-vpc"
            }
          },
          "sensitive_attributes": [],
          "identity_schema_version": 0,
          "identity": {
            "account_id": "862257768896",
            "id": "vpc-09f585581851c5503",
            "region": "us-east-1"
          },
          "private": "eyJzY2hlbWFfdmVyc2lvbiI6IjEifQ=="
        }
      ]
    },
    {
      "mode": "managed",
      "type": "local_file",
      "name": "inventory",
      "provider": "provider[\"registry.terraform.io/hashicorp/local\"]",
      "instances": [
        {
          "schema_version": 0,
          "attributes": {
            "content": "[webserver]\n44.204.86.134 ansible_user=ec2-user ansible_ssh_private_key_file=./web-key.pem ansible_python_interpreter=/usr/bin/python3.9 ansible_ssh_common_args='-o IdentitiesOnly=yes'\n",
            "content_base64": null,
            "content_base64sha256": "N31OrsOyQRshdohn8oLZP0iC6pr9Uq4VR5ZSckcN8Vk=",
            "content_base64sha512": "hACO+fK7phmxPUJ8s4MdwzNz+WXSKR/Ssmzf6Yl3V9IiIyWzxa9sHU33uTqcv3arXwV6DF+ITL/epAiaUztS4A==",
            "content_md5": "68f9b78678598ee929efb29b793c27c8",
            "content_sha1": "c0c18433c3096828dbf125855f1a0deaac28246c",
            "content_sha256": "377d4eaec3b2411b21768867f282d93f4882ea9afd52ae1547965272470df159",
            "content_sha512": "84008ef9f2bba619b13d427cb3831dc33373f965d2291fd2b26cdfe9897757d2222325b3c5af6c1d4df7b93a9cbf76ab5f057a0c5f884cbfdea4089a533b52e0",
            "directory_permission": "0777",
            "file_permission": "0777",
            "filename": "./inventory.ini",
            "id": "c0c18433c3096828dbf125855f1a0deaac28246c",
            "sensitive_content": null,
            "source": null
          },
          "sensitive_attributes": [
            [
              {
                "type": "get_attr",
                "value": "sensitive_content"
              }
            ]
          ],
          "identity_schema_version": 0,
          "dependencies": [
            "aws_instance.myec2",
            "aws_key_pair.aws-key",
            "aws_security_group.sl-sg",
            "aws_subnet.sl-subnet",
            "aws_vpc.sl-vpc",
            "data.aws_ami.myami",
            "tls_private_key.mykey"
          ]
        }
      ]
    },
    {
      "mode": "managed",
      "type": "null_resource",
      "name": "run_playbook",
      "provider": "provider[\"registry.terraform.io/hashicorp/null\"]",
      "instances": [
        {
          "status": "tainted",
          "schema_version": 0,
          "attributes": {
            "id": "6311327371898568518",
            "triggers": {
              "instance_id": "i-08b3063016c950d97",
              "instance_ip": "44.204.86.134"
            }
          },
          "sensitive_attributes": [],
          "identity_schema_version": 0,
          "dependencies": [
            "aws_instance.myec2",
            "aws_key_pair.aws-key",
            "aws_security_group.sl-sg",
            "aws_subnet.sl-subnet",
            "aws_vpc.sl-vpc",
            "data.aws_ami.myami",
            "local_file.inventory",
            "null_resource.wait_for_ssh",
            "tls_private_key.mykey"
          ]
        }
      ]
    },
    {
      "mode": "managed",
      "type": "null_resource",
      "name": "wait_for_ssh",
      "provider": "provider[\"registry.terraform.io/hashicorp/null\"]",
      "instances": [
        {
          "schema_version": 0,
          "attributes": {
            "id": "6313224977898707105",
            "triggers": {
              "instance_ip": "44.204.86.134"
            }
          },
          "sensitive_attributes": [],
          "identity_schema_version": 0,
          "dependencies": [
            "aws_instance.myec2",
            "aws_key_pair.aws-key",
            "aws_security_group.sl-sg",
            "aws_subnet.sl-subnet",
            "aws_vpc.sl-vpc",
            "data.aws_ami.myami",
            "tls_private_key.mykey"
          ]
        }
      ]
    },
    {
      "mode": "managed",
      "type": "tls_private_key",
      "name": "mykey",
      "provider": "provider[\"registry.terraform.io/hashicorp/tls\"]",
      "instances": [
        {
          "schema_version": 1,
          "attributes": {
            "algorithm": "RSA",
            "ecdsa_curve": "P224",
            "id": "c0b0e69e4f20926afb6a33b2d0428551f634f7ef",
            "private_key_openssh": "-----BEGIN OPENSSH PRIVATE KEY-----\nb3BlbnNzaC1rZXktdjEAAAAABG5vbmUAAAAEbm9uZQAAAAAAAAABAAABFwAAAAdz\nc2gtcnNhAAAAAwEAAQAAAQEAv1NfmIK38m8vmifbmUC3AHOtyFbD5H3ZdK92MgtU\n9D1NzDB2c7LZExBDDuZGKq1Y5mJfuQBnduqwjEROuBheuMagVy+BSbRR3Iz/cg6u\nxq9dmeWimosob0MJgJhp7vLbNEtaHELs1sn5mBupnoJ3uOaS42GUkfkCIlshnyQy\nxXR5W1YpVc5e+VDQrnAMvrddDqVm6qiuNMG28V5Ayn390k/OSWv9IgwwMVbv6hq0\nSix3EEiapGGzHD6UwxW8mDswO8lxnsiYND+3GnU9qEem8VfcOK94sKcB4FOas4f2\nEH5rx/ikiGY1jlHTavfKp0lYZGjZ6Mw/Ceookg4BoE1N6wAAA7jvPNPe7zzT3gAA\nAAdzc2gtcnNhAAABAQC/U1+Ygrfyby+aJ9uZQLcAc63IVsPkfdl0r3YyC1T0PU3M\nMHZzstkTEEMO5kYqrVjmYl+5AGd26rCMRE64GF64xqBXL4FJtFHcjP9yDq7Gr12Z\n5aKaiyhvQwmAmGnu8ts0S1ocQuzWyfmYG6megne45pLjYZSR+QIiWyGfJDLFdHlb\nVilVzl75UNCucAy+t10OpWbqqK40wbbxXkDKff3ST85Ja/0iDDAxVu/qGrRKLHcQ\nSJqkYbMcPpTDFbyYOzA7yXGeyJg0P7cadT2oR6bxV9w4r3iwpwHgU5qzh/YQfmvH\n+KSIZjWOUdNq98qnSVhkaNnozD8J6iiSDgGgTU3rAAAAAwEAAQAAAQAQCYRwbtMA\n0eV5YRcc/OBNSMtrvCu5aGJYHI9zJged9wS7AkjuujJ/g/pxZXrC/9Rjo1VT8L7u\nqEENann3hnUFVs9NeS1RXBMMjw9013Q6mHjnehv4iYRljYbE+ugBebJHUa86jtJc\nnE6wO4leDW0zPrVYGyLUxYmY3Aiw1twgOG8zRQpR9pJ8erWybx7EVPC1rSEe8vat\nKI7vlgQd/cQ1nkkz6UIoB1vVd6lC1cz4Q+UOf3wCY/zJmIlkMiHYoFHV5QJFoQ9P\nxT8BOEG//WmKx8X0sm18vbfddR979Hj9BR6ZHNzorVbtmsgLTBwTNN+aCudUbf6u\nyvQ+Dfg283bBAAAAgQCR0RxDJtDkTcvnIdzY1DCzkFrema0fj8YrRC8CsQNDfrLT\nYPKKjjTG0UHM8xVS9QUB8OOz0VCWquQrET49p/VV/itvvgdLmrWrqq4vE3BtVVnM\n6J+AGntcZg97rR0qR8jivK7mJMbmnN/HckH1eXVsEkX5gctf8NPqr+j4pNgQIwAA\nAIEAxTovclkGjyCUiT4IiM5am1wXkRWELy+ZM4GjjP81odvSMbdKwv59ZbFSKJWI\nbPCh4yLEgUq1bsymoTTbqUqP6zNh+LsrFwjNz0j+gIcTU5/2aCOx590YIlTt5/xW\naIYQHMgtM3SzynTndfv7IKS4VeFfhRn/gl6aXvDnw73driEAAACBAPhW+VNVuppO\n/cYThupUO8BpFv4aEkYa2Ex6NSDvJKc5i6zHZtGGKTJ1C1WI3VWsBdLP4VpKXB9w\n0IargWID2qHmPkmYpWkyUOKMl+ud96Tx+RQixEGPFO+O0X/G01/If7fQQimQtSFc\nH/pDG/jh0UELpewpsdCWUhjvcGsoI4KLAAAAAAEC\n-----END OPENSSH PRIVATE KEY-----\n",
            "private_key_pem": "-----BEGIN RSA PRIVATE KEY-----\nMIIEpAIBAAKCAQEAv1NfmIK38m8vmifbmUC3AHOtyFbD5H3ZdK92MgtU9D1NzDB2\nc7LZExBDDuZGKq1Y5mJfuQBnduqwjEROuBheuMagVy+BSbRR3Iz/cg6uxq9dmeWi\nmosob0MJgJhp7vLbNEtaHELs1sn5mBupnoJ3uOaS42GUkfkCIlshnyQyxXR5W1Yp\nVc5e+VDQrnAMvrddDqVm6qiuNMG28V5Ayn390k/OSWv9IgwwMVbv6hq0Six3EEia\npGGzHD6UwxW8mDswO8lxnsiYND+3GnU9qEem8VfcOK94sKcB4FOas4f2EH5rx/ik\niGY1jlHTavfKp0lYZGjZ6Mw/Ceookg4BoE1N6wIDAQABAoIBABAJhHBu0wDR5Xlh\nFxz84E1Iy2u8K7loYlgcj3MmB533BLsCSO66Mn+D+nFlesL/1GOjVVPwvu6oQQ1q\nefeGdQVWz015LVFcEwyPD3TXdDqYeOd6G/iJhGWNhsT66AF5skdRrzqO0lycTrA7\niV4NbTM+tVgbItTFiZjcCLDW3CA4bzNFClH2knx6tbJvHsRU8LWtIR7y9q0oju+W\nBB39xDWeSTPpQigHW9V3qULVzPhD5Q5/fAJj/MmYiWQyIdigUdXlAkWhD0/FPwE4\nQb/9aYrHxfSybXy9t911H3v0eP0FHpkc3OitVu2ayAtMHBM035oK51Rt/q7K9D4N\n+DbzdsECgYEAxTovclkGjyCUiT4IiM5am1wXkRWELy+ZM4GjjP81odvSMbdKwv59\nZbFSKJWIbPCh4yLEgUq1bsymoTTbqUqP6zNh+LsrFwjNz0j+gIcTU5/2aCOx590Y\nIlTt5/xWaIYQHMgtM3SzynTndfv7IKS4VeFfhRn/gl6aXvDnw73driECgYEA+Fb5\nU1W6mk79xhOG6lQ7wGkW/hoSRhrYTHo1IO8kpzmLrMdm0YYpMnULVYjdVawF0s/h\nWkpcH3DQhquBYgPaoeY+SZilaTJQ4oyX6533pPH5FCLEQY8U747Rf8bTX8h/t9BC\nKZC1IVwf+kMb+OHRQQul7Cmx0JZSGO9waygjgosCgYEArROqn4ZQoznMH8Q4aRXt\nnXjrlX50SZRTtUeG5yzvO+NUShy3lvcNxDggCU1wM2nYJyNTnsKZBWrCr6VbPu0X\n7ydgSo61+bjYI5fC/7eJ1lECQ9FPRlJX44j0XiirC37alOd2AznerUR5+qfucW8b\n9QGaeYufFiE/ByIRwUzVRQECgYAZbw7p8gXCeASVnLpclXPpKNop/BGTDHzKmFmI\nnfVrCwG7GFD3dH4TpNkcUYAZnhyakp/J14PH1I4GvNnrZ+mkWyhV8UQ/md+e1Dda\n8jrCseWIombnL/g88KuUIpDTZn1uHe4ow6FJYV4FC4p52ubLep3rqfmEG2EdHKiu\n0NWSMQKBgQCR0RxDJtDkTcvnIdzY1DCzkFrema0fj8YrRC8CsQNDfrLTYPKKjjTG\n0UHM8xVS9QUB8OOz0VCWquQrET49p/VV/itvvgdLmrWrqq4vE3BtVVnM6J+AGntc\nZg97rR0qR8jivK7mJMbmnN/HckH1eXVsEkX5gctf8NPqr+j4pNgQIw==\n-----END RSA PRIVATE KEY-----\n",
            "private_key_pem_pkcs8": "-----BEGIN PRIVATE KEY-----\nMIIEvgIBADANBgkqhkiG9w0BAQEFAASCBKgwggSkAgEAAoIBAQC/U1+Ygrfyby+a\nJ9uZQLcAc63IVsPkfdl0r3YyC1T0PU3MMHZzstkTEEMO5kYqrVjmYl+5AGd26rCM\nRE64GF64xqBXL4FJtFHcjP9yDq7Gr12Z5aKaiyhvQwmAmGnu8ts0S1ocQuzWyfmY\nG6megne45pLjYZSR+QIiWyGfJDLFdHlbVilVzl75UNCucAy+t10OpWbqqK40wbbx\nXkDKff3ST85Ja/0iDDAxVu/qGrRKLHcQSJqkYbMcPpTDFbyYOzA7yXGeyJg0P7ca\ndT2oR6bxV9w4r3iwpwHgU5qzh/YQfmvH+KSIZjWOUdNq98qnSVhkaNnozD8J6iiS\nDgGgTU3rAgMBAAECggEAEAmEcG7TANHleWEXHPzgTUjLa7wruWhiWByPcyYHnfcE\nuwJI7royf4P6cWV6wv/UY6NVU/C+7qhBDWp594Z1BVbPTXktUVwTDI8PdNd0Oph4\n53ob+ImEZY2GxProAXmyR1GvOo7SXJxOsDuJXg1tMz61WBsi1MWJmNwIsNbcIDhv\nM0UKUfaSfHq1sm8exFTwta0hHvL2rSiO75YEHf3ENZ5JM+lCKAdb1XepQtXM+EPl\nDn98AmP8yZiJZDIh2KBR1eUCRaEPT8U/AThBv/1pisfF9LJtfL233XUfe/R4/QUe\nmRzc6K1W7ZrIC0wcEzTfmgrnVG3+rsr0Pg34NvN2wQKBgQDFOi9yWQaPIJSJPgiI\nzlqbXBeRFYQvL5kzgaOM/zWh29Ixt0rC/n1lsVIolYhs8KHjIsSBSrVuzKahNNup\nSo/rM2H4uysXCM3PSP6AhxNTn/ZoI7Hn3RgiVO3n/FZohhAcyC0zdLPKdOd1+/sg\npLhV4V+FGf+CXppe8OfDvd2uIQKBgQD4VvlTVbqaTv3GE4bqVDvAaRb+GhJGGthM\nejUg7ySnOYusx2bRhikydQtViN1VrAXSz+FaSlwfcNCGq4FiA9qh5j5JmKVpMlDi\njJfrnfek8fkUIsRBjxTvjtF/xtNfyH+30EIpkLUhXB/6Qxv44dFBC6XsKbHQllIY\n73BrKCOCiwKBgQCtE6qfhlCjOcwfxDhpFe2deOuVfnRJlFO1R4bnLO8741RKHLeW\n9w3EOCAJTXAzadgnI1OewpkFasKvpVs+7RfvJ2BKjrX5uNgjl8L/t4nWUQJD0U9G\nUlfjiPReKKsLftqU53YDOd6tRHn6p+5xbxv1AZp5i58WIT8HIhHBTNVFAQKBgBlv\nDunyBcJ4BJWculyVc+ko2in8EZMMfMqYWYid9WsLAbsYUPd0fhOk2RxRgBmeHJqS\nn8nXg8fUjga82etn6aRbKFXxRD+Z357UN1ryOsKx5YiiZucv+Dzwq5QikNNmfW4d\n7ijDoUlhXgULinna5st6neup+YQbYR0cqK7Q1ZIxAoGBAJHRHEMm0ORNy+ch3NjU\nMLOQWt6ZrR+PxitELwKxA0N+stNg8oqONMbRQczzFVL1BQHw47PRUJaq5CsRPj2n\n9VX+K2++B0uatauqri8TcG1VWczon4Aae1xmD3utHSpHyOK8ruYkxuac38dyQfV5\ndWwSRfmBy1/w0+qv6Pik2BAj\n-----END PRIVATE KEY-----\n",
            "public_key_fingerprint_md5": "cc:25:3d:b1:ff:e4:2c:36:ee:a6:e7:6c:f6:f5:02:51",
            "public_key_fingerprint_sha256": "SHA256:VKep+afI7WYRcd5J6Gl5U+J+WK8VlufoK2E8Qg6tt8k",
            "public_key_openssh": "ssh-rsa AAAAB3NzaC1yc2EAAAADAQABAAABAQC/U1+Ygrfyby+aJ9uZQLcAc63IVsPkfdl0r3YyC1T0PU3MMHZzstkTEEMO5kYqrVjmYl+5AGd26rCMRE64GF64xqBXL4FJtFHcjP9yDq7Gr12Z5aKaiyhvQwmAmGnu8ts0S1ocQuzWyfmYG6megne45pLjYZSR+QIiWyGfJDLFdHlbVilVzl75UNCucAy+t10OpWbqqK40wbbxXkDKff3ST85Ja/0iDDAxVu/qGrRKLHcQSJqkYbMcPpTDFbyYOzA7yXGeyJg0P7cadT2oR6bxV9w4r3iwpwHgU5qzh/YQfmvH+KSIZjWOUdNq98qnSVhkaNnozD8J6iiSDgGgTU3r\n",
            "public_key_pem": "-----BEGIN PUBLIC KEY-----\nMIIBIjANBgkqhkiG9w0BAQEFAAOCAQ8AMIIBCgKCAQEAv1NfmIK38m8vmifbmUC3\nAHOtyFbD5H3ZdK92MgtU9D1NzDB2c7LZExBDDuZGKq1Y5mJfuQBnduqwjEROuBhe\nuMagVy+BSbRR3Iz/cg6uxq9dmeWimosob0MJgJhp7vLbNEtaHELs1sn5mBupnoJ3\nuOaS42GUkfkCIlshnyQyxXR5W1YpVc5e+VDQrnAMvrddDqVm6qiuNMG28V5Ayn39\n0k/OSWv9IgwwMVbv6hq0Six3EEiapGGzHD6UwxW8mDswO8lxnsiYND+3GnU9qEem\n8VfcOK94sKcB4FOas4f2EH5rx/ikiGY1jlHTavfKp0lYZGjZ6Mw/Ceookg4BoE1N\n6wIDAQAB\n-----END PUBLIC KEY-----\n",
            "rsa_bits": 2048
          },
          "sensitive_attributes": [
            [
              {
                "type": "get_attr",
                "value": "private_key_openssh"
              }
            ],
            [
              {
                "type": "get_attr",
                "value": "private_key_pem"
              }
            ],
            [
              {
                "type": "get_attr",
                "value": "private_key_pem_pkcs8"
              }
            ]
          ],
          "identity_schema_version": 0
        }
      ]
    }
  ],
  "check_results": null
}
